
Microsoft Visual Studio Solution File, Format Version 12.00
# Visual Studio Version 16
VisualStudioVersion = 16.0.31613.86
MinimumVisualStudioVersion = 10.0.40219.1
Project("{9A19103F-16F7-4668-BE54-9A1E7A4F7556}") = "HtmlConvertor.Common", "HtmlConvertor.Common\HtmlConvertor.Common.csproj", "{A3C4E86D-6EA5-40DF-A979-E8C9A2F8B59D}"
EndProject
Project("{9A19103F-16F7-4668-BE54-9A1E7A4F7556}") = "HtmlConvertor.Tests", "HtmlConvertor.Tests\HtmlConvertor.Tests.csproj", "{6FA3CFE7-9B5E-4F06-87EA-77A4453FF4D6}"
EndProject
Global
	GlobalSection(SolutionConfigurationPlatforms) = preSolution
		Debug|Any CPU = Debug|Any CPU
		Release|Any CPU = Release|Any CPU
	EndGlobalSection
	GlobalSection(ProjectConfigurationPlatforms) = postSolution
		{A3C4E86D-6EA5-40DF-A979-E8C9A2F8B59D}.Debug|Any CPU.ActiveCfg = Debug|Any CPU
		{A3C4E86D-6EA5-40DF-A979-E8C9A2F8B59D}.Debug|Any CPU.Build.0 = Debug|Any CPU
		{A3C4E86D-6EA5-40DF-A979-E8C9A2F8B59D}.Release|Any CPU.ActiveCfg = Release|Any CPU
		{A3C4E86D-6EA5-40DF-A979-E8C9A2F8B59D}.Release|Any CPU.Build.0 = Release|Any CPU
		{6FA3CFE7-9B5E-4F06-87EA-77A4453FF4D6}.Debug|Any CPU.ActiveCfg = Debug|Any CPU
		{6FA3CFE7-9B5E-4F06-87EA-77A4453FF4D6}.Debug|Any CPU.Build.0 = Debug|Any CPU
		{6FA3CFE7-9B5E-4F06-87EA-77A4453FF4D6}.Release|Any CPU.ActiveCfg = Release|Any CPU
		{6FA3CFE7-9B5E-4F06-87EA-77A4453FF4D6}.Release|Any CPU.Build.0 = Release|Any CPU
	EndGlobalSection
	GlobalSection(SolutionProperties) = preSolution
		HideSolutionNode = FALSE
	EndGlobalSection
	GlobalSection(ExtensibilityGlobals) = postSolution
		SolutionGuid = {5DE98F1B-A702-40ED-B5B3-BF49504010CD}
	EndGlobalSection
EndGlobal
